// !$*UTF8*$!
{
	archiveVersion = 1;
	classes = {
	};
	objectVersion = 46;
	objects = {

/* Begin PBXBuildFile section */
		D0EFAAA71C6B8D1E00AB4008 /* main.m in Sources */ = {isa = PBXBuildFile; fileRef = D0EFAAA61C6B8D1E00AB4008 /* main.m */; };
		D0EFAAAA1C6B8D1E00AB4008 /* AppDelegate.m in Sources */ = {isa = PBXBuildFile; fileRef = D0EFAAA91C6B8D1E00AB4008 /* AppDelegate.m */; };
		D0EFAAB21C6B8D1E00AB4008 /* Assets.xcassets in Resources */ = {isa = PBXBuildFile; fileRef = D0EFAAB11C6B8D1E00AB4008 /* Assets.xcassets */; };
		D0EFAAB51C6B8D1E00AB4008 /* LaunchScreen.storyboard in Resources */ = {isa = PBXBuildFile; fileRef = D0EFAAB31C6B8D1E00AB4008 /* LaunchScreen.storyboard */; };
		D0EFAABF1C6B8EA000AB4008 /* RTFormController.m in Sources */ = {isa = PBXBuildFile; fileRef = D0EFAABE1C6B8EA000AB4008 /* RTFormController.m */; };
		D0EFAAC21C6B8ED100AB4008 /* RTFormBaseCell.m in Sources */ = {isa = PBXBuildFile; fileRef = D0EFAAC11C6B8ED100AB4008 /* RTFormBaseCell.m */; };
		D0EFAAC51C6B92E400AB4008 /* UIColor+RTFormKit.m in Sources */ = {isa = PBXBuildFile; fileRef = D0EFAAC41C6B92E400AB4008 /* UIColor+RTFormKit.m */; };
		D0EFAAC81C6B995000AB4008 /* RTRegisterCustomerController.m in Sources */ = {isa = PBXBuildFile; fileRef = D0EFAAC71C6B995000AB4008 /* RTRegisterCustomerController.m */; };
		D0EFAACF1C6BB5C800AB4008 /* LICENSE in Resources */ = {isa = PBXBuildFile; fileRef = D0EFAACD1C6BB5C800AB4008 /* LICENSE */; };
		D0EFAAD01C6BB5C800AB4008 /* README.md in Sources */ = {isa = PBXBuildFile; fileRef = D0EFAACE1C6BB5C800AB4008 /* README.md */; };
		D0EFAAD81C6C9A3600AB4008 /* RTFormInfoCell.m in Sources */ = {isa = PBXBuildFile; fileRef = D0EFAAD61C6C9A3600AB4008 /* RTFormInfoCell.m */; };
		D0EFAAD91C6C9A3600AB4008 /* RTFormInfoCell.xib in Resources */ = {isa = PBXBuildFile; fileRef = D0EFAAD71C6C9A3600AB4008 /* RTFormInfoCell.xib */; };
		D0EFAADC1C6CA72400AB4008 /* RTFormHeader.m in Sources */ = {isa = PBXBuildFile; fileRef = D0EFAADB1C6CA72400AB4008 /* RTFormHeader.m */; };
		D0EFAADF1C6CA74B00AB4008 /* RTFormHeader.xib in Resources */ = {isa = PBXBuildFile; fileRef = D0EFAADE1C6CA74B00AB4008 /* RTFormHeader.xib */; };
		D0EFAAE31C6CADD700AB4008 /* RTFormOneLineFieldCell.m in Sources */ = {isa = PBXBuildFile; fileRef = D0EFAAE11C6CADD700AB4008 /* RTFormOneLineFieldCell.m */; };
		D0EFAAE41C6CADD700AB4008 /* RTFormOneLineFieldCell.xib in Resources */ = {isa = PBXBuildFile; fileRef = D0EFAAE21C6CADD700AB4008 /* RTFormOneLineFieldCell.xib */; };
		D0EFAAE71C6CD2BA00AB4008 /* RTFormToggleCell.m in Sources */ = {isa = PBXBuildFile; fileRef = D0EFAAE61C6CD2BA00AB4008 /* RTFormToggleCell.m */; };
		D0EFAAE91C6CD2D700AB4008 /* RTFormToggleCell.xib in Resources */ = {isa = PBXBuildFile; fileRef = D0EFAAE81C6CD2D700AB4008 /* RTFormToggleCell.xib */; };
		D0EFAAED1C6CF52C00AB4008 /* RTFormSegmentsCell.m in Sources */ = {isa = PBXBuildFile; fileRef = D0EFAAEC1C6CF52C00AB4008 /* RTFormSegmentsCell.m */; };
		D0EFAAEF1C6CFB8E00AB4008 /* RTFormSegmentsCell.xib in Resources */ = {isa = PBXBuildFile; fileRef = D0EFAAEE1C6CFB8E00AB4008 /* RTFormSegmentsCell.xib */; };
		D0EFAAF31C6F9CA700AB4008 /* RTFormDateCell.m in Sources */ = {isa = PBXBuildFile; fileRef = D0EFAAF21C6F9CA700AB4008 /* RTFormDateCell.m */; };
		D0EFAAF51C6F9DC500AB4008 /* RTFormDateCell.xib in Resources */ = {isa = PBXBuildFile; fileRef = D0EFAAF41C6F9DC500AB4008 /* RTFormDateCell.xib */; };
/* End PBXBuildFile section */

/* Begin PBXFileReference section */
		D0EFAAA21C6B8D1E00AB4008 /* RTFormKit.app */ = {isa = PBXFileReference; explicitFileType = wrapper.application; includeInIndex = 0; path = RTFormKit.app; sourceTree = BUILT_PRODUCTS_DIR; };
		D0EFAAA61C6B8D1E00AB4008 /* main.m */ = {isa = PBXFileReference; lastKnownFileType = sourcecode.c.objc; path = main.m; sourceTree = "<group>"; };
		D0EFAAA81C6B8D1E00AB4008 /* AppDelegate.h */ = {isa = PBXFileReference; lastKnownFileType = sourcecode.c.h; path = AppDelegate.h; sourceTree = "<group>"; };
		D0EFAAA91C6B8D1E00AB4008 /* AppDelegate.m */ = {isa = PBXFileReference; lastKnownFileType = sourcecode.c.objc; path = AppDelegate.m; sourceTree = "<group>"; };
		D0EFAAB11C6B8D1E00AB4008 /* Assets.xcassets */ = {isa = PBXFileReference; lastKnownFileType = folder.assetcatalog; path = Assets.xcassets; sourceTree = "<group>"; };
		D0EFAAB41C6B8D1E00AB4008 /* Base */ = {isa = PBXFileReference; lastKnownFileType = file.storyboard; name = Base; path = Base.lproj/LaunchScreen.storyboard; sourceTree = "<group>"; };
		D0EFAAB61C6B8D1E00AB4008 /* Info.plist */ = {isa = PBXFileReference; lastKnownFileType = text.plist.xml; path = Info.plist; sourceTree = "<group>"; };
		D0EFAABD1C6B8EA000AB4008 /* RTFormController.h */ = {isa = PBXFileReference; fileEncoding = 4; lastKnownFileType = sourcecode.c.h; path = RTFormController.h; sourceTree = "<group>"; };
		D0EFAABE1C6B8EA000AB4008 /* RTFormController.m */ = {isa = PBXFileReference; fileEncoding = 4; lastKnownFileType = sourcecode.c.objc; path = RTFormController.m; sourceTree = "<group>"; };
		D0EFAAC01C6B8ED100AB4008 /* RTFormBaseCell.h */ = {isa = PBXFileReference; fileEncoding = 4; lastKnownFileType = sourcecode.c.h; path = RTFormBaseCell.h; sourceTree = "<group>"; };
		D0EFAAC11C6B8ED100AB4008 /* RTFormBaseCell.m */ = {isa = PBXFileReference; fileEncoding = 4; lastKnownFileType = sourcecode.c.objc; path = RTFormBaseCell.m; sourceTree = "<group>"; };
		D0EFAAC31C6B92E400AB4008 /* UIColor+RTFormKit.h */ = {isa = PBXFileReference; fileEncoding = 4; lastKnownFileType = sourcecode.c.h; path = "UIColor+RTFormKit.h"; sourceTree = "<group>"; };
		D0EFAAC41C6B92E400AB4008 /* UIColor+RTFormKit.m */ = {isa = PBXFileReference; fileEncoding = 4; lastKnownFileType = sourcecode.c.objc; path = "UIColor+RTFormKit.m"; sourceTree = "<group>"; };
		D0EFAAC61C6B995000AB4008 /* RTRegisterCustomerController.h */ = {isa = PBXFileReference; fileEncoding = 4; lastKnownFileType = sourcecode.c.h; path = RTRegisterCustomerController.h; sourceTree = "<group>"; };
		D0EFAAC71C6B995000AB4008 /* RTRegisterCustomerController.m */ = {isa = PBXFileReference; fileEncoding = 4; lastKnownFileType = sourcecode.c.objc; path = RTRegisterCustomerController.m; sourceTree = "<group>"; };
		D0EFAAC91C6B99F800AB4008 /* RTFormDataSource.h */ = {isa = PBXFileReference; fileEncoding = 4; lastKnownFileType = sourcecode.c.h; path = RTFormDataSource.h; sourceTree = "<group>"; };
		D0EFAACC1C6B9A5500AB4008 /* RTFormKit.h */ = {isa = PBXFileReference; lastKnownFileType = sourcecode.c.h; path = RTFormKit.h; sourceTree = "<group>"; };
		D0EFAACD1C6BB5C800AB4008 /* LICENSE */ = {isa = PBXFileReference; fileEncoding = 4; lastKnownFileType = text; path = LICENSE; sourceTree = "<group>"; };
		D0EFAACE1C6BB5C800AB4008 /* README.md */ = {isa = PBXFileReference; fileEncoding = 4; lastKnownFileType = net.daringfireball.markdown; path = README.md; sourceTree = "<group>"; };
		D0EFAAD51C6C9A3600AB4008 /* RTFormInfoCell.h */ = {isa = PBXFileReference; fileEncoding = 4; lastKnownFileType = sourcecode.c.h; path = RTFormInfoCell.h; sourceTree = "<group>"; };
		D0EFAAD61C6C9A3600AB4008 /* RTFormInfoCell.m */ = {isa = PBXFileReference; fileEncoding = 4; lastKnownFileType = sourcecode.c.objc; path = RTFormInfoCell.m; sourceTree = "<group>"; };
		D0EFAAD71C6C9A3600AB4008 /* RTFormInfoCell.xib */ = {isa = PBXFileReference; fileEncoding = 4; lastKnownFileType = file.xib; path = RTFormInfoCell.xib; sourceTree = "<group>"; };
		D0EFAADA1C6CA72400AB4008 /* RTFormHeader.h */ = {isa = PBXFileReference; fileEncoding = 4; lastKnownFileType = sourcecode.c.h; path = RTFormHeader.h; sourceTree = "<group>"; };
		D0EFAADB1C6CA72400AB4008 /* RTFormHeader.m */ = {isa = PBXFileReference; fileEncoding = 4; lastKnownFileType = sourcecode.c.objc; path = RTFormHeader.m; sourceTree = "<group>"; };
		D0EFAADE1C6CA74B00AB4008 /* RTFormHeader.xib */ = {isa = PBXFileReference; fileEncoding = 4; lastKnownFileType = file.xib; path = RTFormHeader.xib; sourceTree = "<group>"; };
		D0EFAAE01C6CADD700AB4008 /* RTFormOneLineFieldCell.h */ = {isa = PBXFileReference; fileEncoding = 4; lastKnownFileType = sourcecode.c.h; path = RTFormOneLineFieldCell.h; sourceTree = "<group>"; };
		D0EFAAE11C6CADD700AB4008 /* RTFormOneLineFieldCell.m */ = {isa = PBXFileReference; fileEncoding = 4; lastKnownFileType = sourcecode.c.objc; path = RTFormOneLineFieldCell.m; sourceTree = "<group>"; };
		D0EFAAE21C6CADD700AB4008 /* RTFormOneLineFieldCell.xib */ = {isa = PBXFileReference; fileEncoding = 4; lastKnownFileType = file.xib; path = RTFormOneLineFieldCell.xib; sourceTree = "<group>"; };
		D0EFAAE51C6CD2BA00AB4008 /* RTFormToggleCell.h */ = {isa = PBXFileReference; fileEncoding = 4; lastKnownFileType = sourcecode.c.h; path = RTFormToggleCell.h; sourceTree = "<group>"; };
		D0EFAAE61C6CD2BA00AB4008 /* RTFormToggleCell.m */ = {isa = PBXFileReference; fileEncoding = 4; lastKnownFileType = sourcecode.c.objc; path = RTFormToggleCell.m; sourceTree = "<group>"; };
		D0EFAAE81C6CD2D700AB4008 /* RTFormToggleCell.xib */ = {isa = PBXFileReference; fileEncoding = 4; lastKnownFileType = file.xib; path = RTFormToggleCell.xib; sourceTree = "<group>"; };
		D0EFAAEB1C6CF52C00AB4008 /* RTFormSegmentsCell.h */ = {isa = PBXFileReference; fileEncoding = 4; lastKnownFileType = sourcecode.c.h; path = RTFormSegmentsCell.h; sourceTree = "<group>"; };
		D0EFAAEC1C6CF52C00AB4008 /* RTFormSegmentsCell.m */ = {isa = PBXFileReference; fileEncoding = 4; lastKnownFileType = sourcecode.c.objc; path = RTFormSegmentsCell.m; sourceTree = "<group>"; };
		D0EFAAEE1C6CFB8E00AB4008 /* RTFormSegmentsCell.xib */ = {isa = PBXFileReference; fileEncoding = 4; lastKnownFileType = file.xib; path = RTFormSegmentsCell.xib; sourceTree = "<group>"; };
		D0EFAAF11C6F9CA700AB4008 /* RTFormDateCell.h */ = {isa = PBXFileReference; fileEncoding = 4; lastKnownFileType = sourcecode.c.h; path = RTFormDateCell.h; sourceTree = "<group>"; };
		D0EFAAF21C6F9CA700AB4008 /* RTFormDateCell.m */ = {isa = PBXFileReference; fileEncoding = 4; lastKnownFileType = sourcecode.c.objc; path = RTFormDateCell.m; sourceTree = "<group>"; };
		D0EFAAF41C6F9DC500AB4008 /* RTFormDateCell.xib */ = {isa = PBXFileReference; fileEncoding = 4; lastKnownFileType = file.xib; path = RTFormDateCell.xib; sourceTree = "<group>"; };
/* End PBXFileReference section */

/* Begin PBXFrameworksBuildPhase section */
		D0EFAA9F1C6B8D1E00AB4008 /* Frameworks */ = {
			isa = PBXFrameworksBuildPhase;
			buildActionMask = 2147483647;
			files = (
			);
			runOnlyForDeploymentPostprocessing = 0;
		};
/* End PBXFrameworksBuildPhase section */

/* Begin PBXGroup section */
		D0EFAA991C6B8D1E00AB4008 = {
			isa = PBXGroup;
			children = (
				D0EFAACD1C6BB5C800AB4008 /* LICENSE */,
				D0EFAACE1C6BB5C800AB4008 /* README.md */,
				D0EFAABC1C6B8E6000AB4008 /* RTFormKit */,
				D0EFAAA41C6B8D1E00AB4008 /* FormKitDemo */,
				D0EFAAA31C6B8D1E00AB4008 /* Products */,
			);
			sourceTree = "<group>";
		};
		D0EFAAA31C6B8D1E00AB4008 /* Products */ = {
			isa = PBXGroup;
			children = (
				D0EFAAA21C6B8D1E00AB4008 /* RTFormKit.app */,
			);
			name = Products;
			sourceTree = "<group>";
		};
		D0EFAAA41C6B8D1E00AB4008 /* FormKitDemo */ = {
			isa = PBXGroup;
			children = (
				D0EFAAA81C6B8D1E00AB4008 /* AppDelegate.h */,
				D0EFAAA91C6B8D1E00AB4008 /* AppDelegate.m */,
				D0EFAAC61C6B995000AB4008 /* RTRegisterCustomerController.h */,
				D0EFAAC71C6B995000AB4008 /* RTRegisterCustomerController.m */,
				D0EFAAB11C6B8D1E00AB4008 /* Assets.xcassets */,
				D0EFAAB31C6B8D1E00AB4008 /* LaunchScreen.storyboard */,
				D0EFAAB61C6B8D1E00AB4008 /* Info.plist */,
				D0EFAAA51C6B8D1E00AB4008 /* Supporting Files */,
			);
			path = FormKitDemo;
			sourceTree = "<group>";
		};
		D0EFAAA51C6B8D1E00AB4008 /* Supporting Files */ = {
			isa = PBXGroup;
			children = (
				D0EFAAA61C6B8D1E00AB4008 /* main.m */,
			);
			name = "Supporting Files";
			sourceTree = "<group>";
		};
		D0EFAABC1C6B8E6000AB4008 /* RTFormKit */ = {
			isa = PBXGroup;
			children = (
				D0EFAAC31C6B92E400AB4008 /* UIColor+RTFormKit.h */,
				D0EFAAC41C6B92E400AB4008 /* UIColor+RTFormKit.m */,
				D0EFAABD1C6B8EA000AB4008 /* RTFormController.h */,
				D0EFAABE1C6B8EA000AB4008 /* RTFormController.m */,
				D0EFAAC91C6B99F800AB4008 /* RTFormDataSource.h */,
				D0EFAACC1C6B9A5500AB4008 /* RTFormKit.h */,
				D0EFAAC01C6B8ED100AB4008 /* RTFormBaseCell.h */,
				D0EFAAC11C6B8ED100AB4008 /* RTFormBaseCell.m */,
				D0EFAADD1C6CA73700AB4008 /* Header / Footer */,
				D0EFAAD11C6BB64100AB4008 /* Specific Cells */,
			);
			path = RTFormKit;
			sourceTree = "<group>";
		};
		D0EFAAD11C6BB64100AB4008 /* Specific Cells */ = {
			isa = PBXGroup;
			children = (
				D0EFAAD51C6C9A3600AB4008 /* RTFormInfoCell.h */,
				D0EFAAD61C6C9A3600AB4008 /* RTFormInfoCell.m */,
				D0EFAAD71C6C9A3600AB4008 /* RTFormInfoCell.xib */,
				D0EFAAE01C6CADD700AB4008 /* RTFormOneLineFieldCell.h */,
				D0EFAAE11C6CADD700AB4008 /* RTFormOneLineFieldCell.m */,
				D0EFAAE21C6CADD700AB4008 /* RTFormOneLineFieldCell.xib */,
				D0EFAAE51C6CD2BA00AB4008 /* RTFormToggleCell.h */,
				D0EFAAE61C6CD2BA00AB4008 /* RTFormToggleCell.m */,
				D0EFAAE81C6CD2D700AB4008 /* RTFormToggleCell.xib */,
				D0EFAAEB1C6CF52C00AB4008 /* RTFormSegmentsCell.h */,
				D0EFAAEC1C6CF52C00AB4008 /* RTFormSegmentsCell.m */,
				D0EFAAEE1C6CFB8E00AB4008 /* RTFormSegmentsCell.xib */,
				D0EFAAF11C6F9CA700AB4008 /* RTFormDateCell.h */,
				D0EFAAF21C6F9CA700AB4008 /* RTFormDateCell.m */,
				D0EFAAF41C6F9DC500AB4008 /* RTFormDateCell.xib */,
			);
			name = "Specific Cells";
			sourceTree = "<group>";
		};
		D0EFAADD1C6CA73700AB4008 /* Header / Footer */ = {
			isa = PBXGroup;
			children = (
				D0EFAADA1C6CA72400AB4008 /* RTFormHeader.h */,
				D0EFAADB1C6CA72400AB4008 /* RTFormHeader.m */,
				D0EFAADE1C6CA74B00AB4008 /* RTFormHeader.xib */,
			);
			name = "Header / Footer";
			sourceTree = "<group>";
		};
/* End PBXGroup section */

/* Begin PBXNativeTarget section */
		D0EFAAA11C6B8D1E00AB4008 /* RTFormKit */ = {
			isa = PBXNativeTarget;
			buildConfigurationList = D0EFAAB91C6B8D1E00AB4008 /* Build configuration list for PBXNativeTarget "RTFormKit" */;
			buildPhases = (
				D0EFAA9E1C6B8D1E00AB4008 /* Sources */,
				D0EFAA9F1C6B8D1E00AB4008 /* Frameworks */,
				D0EFAAA01C6B8D1E00AB4008 /* Resources */,
			);
			buildRules = (
			);
			dependencies = (
			);
			name = RTFormKit;
			productName = FormKitDemo;
			productReference = D0EFAAA21C6B8D1E00AB4008 /* RTFormKit.app */;
			productType = "com.apple.product-type.application";
		};
/* End PBXNativeTarget section */

/* Begin PBXProject section */
		D0EFAA9A1C6B8D1E00AB4008 /* Project object */ = {
			isa = PBXProject;
			attributes = {
				CLASSPREFIX = RT;
				LastUpgradeCheck = 0720;
				ORGANIZATIONNAME = "Radiant Tap";
				TargetAttributes = {
					D0EFAAA11C6B8D1E00AB4008 = {
						CreatedOnToolsVersion = 7.2.1;
					};
				};
			};
			buildConfigurationList = D0EFAA9D1C6B8D1E00AB4008 /* Build configuration list for PBXProject "RTFormKit" */;
			compatibilityVersion = "Xcode 3.2";
			developmentRegion = English;
			hasScannedForEncodings = 0;
			knownRegions = (
				en,
				Base,
			);
			mainGroup = D0EFAA991C6B8D1E00AB4008;
			productRefGroup = D0EFAAA31C6B8D1E00AB4008 /* Products */;
			projectDirPath = "";
			projectRoot = "";
			targets = (
				D0EFAAA11C6B8D1E00AB4008 /* RTFormKit */,
			);
		};
/* End PBXProject section */

/* Begin PBXResourcesBuildPhase section */
		D0EFAAA01C6B8D1E00AB4008 /* Resources */ = {
			isa = PBXResourcesBuildPhase;
			buildActionMask = 2147483647;
			files = (
				D0EFAACF1C6BB5C800AB4008 /* LICENSE in Resources */,
				D0EFAAD91C6C9A3600AB4008 /* RTFormInfoCell.xib in Resources */,
				D0EFAAB51C6B8D1E00AB4008 /* LaunchScreen.storyboard in Resources */,
				D0EFAAE91C6CD2D700AB4008 /* RTFormToggleCell.xib in Resources */,
				D0EFAAE41C6CADD700AB4008 /* RTFormOneLineFieldCell.xib in Resources */,
				D0EFAAF51C6F9DC500AB4008 /* RTFormDateCell.xib in Resources */,
				D0EFAADF1C6CA74B00AB4008 /* RTFormHeader.xib in Resources */,
				D0EFAAB21C6B8D1E00AB4008 /* Assets.xcassets in Resources */,
				D0EFAAEF1C6CFB8E00AB4008 /* RTFormSegmentsCell.xib in Resources */,
			);
			runOnlyForDeploymentPostprocessing = 0;
		};
/* End PBXResourcesBuildPhase section */

/* Begin PBXSourcesBuildPhase section */
		D0EFAA9E1C6B8D1E00AB4008 /* Sources */ = {
			isa = PBXSourcesBuildPhase;
			buildActionMask = 2147483647;
			files = (
				D0EFAAC51C6B92E400AB4008 /* UIColor+RTFormKit.m in Sources */,
				D0EFAAD81C6C9A3600AB4008 /* RTFormInfoCell.m in Sources */,
				D0EFAAC21C6B8ED100AB4008 /* RTFormBaseCell.m in Sources */,
				D0EFAAE31C6CADD700AB4008 /* RTFormOneLineFieldCell.m in Sources */,
				D0EFAAC81C6B995000AB4008 /* RTRegisterCustomerController.m in Sources */,
				D0EFAADC1C6CA72400AB4008 /* RTFormHeader.m in Sources */,
				D0EFAAAA1C6B8D1E00AB4008 /* AppDelegate.m in Sources */,
				D0EFAABF1C6B8EA000AB4008 /* RTFormController.m in Sources */,
				D0EFAAE71C6CD2BA00AB4008 /* RTFormToggleCell.m in Sources */,
				D0EFAAD01C6BB5C800AB4008 /* README.md in Sources */,
				D0EFAAA71C6B8D1E00AB4008 /* main.m in Sources */,
				D0EFAAF31C6F9CA700AB4008 /* RTFormDateCell.m in Sources */,
				D0EFAAED1C6CF52C00AB4008 /* RTFormSegmentsCell.m in Sources */,
			);
			runOnlyForDeploymentPostprocessing = 0;
		};
/* End PBXSourcesBuildPhase section */

/* Begin PBXVariantGroup section */
		D0EFAAB31C6B8D1E00AB4008 /* LaunchScreen.storyboard */ = {
			isa = PBXVariantGroup;
			children = (
				D0EFAAB41C6B8D1E00AB4008 /* Base */,
			);
			name = LaunchScreen.storyboard;
			sourceTree = "<group>";
		};
/* End PBXVariantGroup section */

/* Begin XCBuildConfiguration section */
		D0EFAAB71C6B8D1E00AB4008 /* Debug */ = {
			isa = XCBuildConfiguration;
			buildSettings = {
				ALWAYS_SEARCH_USER_PATHS = NO;
				CLANG_CXX_LANGUAGE_STANDARD = "gnu++0x";
				CLANG_CXX_LIBRARY = "libc++";
				CLANG_ENABLE_MODULES = YES;
				CLANG_ENABLE_OBJC_ARC = YES;
				CLANG_WARN_BOOL_CONVERSION = YES;
				CLANG_WARN_CONSTANT_CONVERSION = YES;
				CLANG_WARN_DIRECT_OBJC_ISA_USAGE = YES_ERROR;
				CLANG_WARN_EMPTY_BODY = YES;
				CLANG_WARN_ENUM_CONVERSION = YES;
				CLANG_WARN_INT_CONVERSION = YES;
				CLANG_WARN_OBJC_ROOT_CLASS = YES_ERROR;
				CLANG_WARN_UNREACHABLE_CODE = YES;
				CLANG_WARN__DUPLICATE_METHOD_MATCH = YES;
				"CODE_SIGN_IDENTITY[sdk=iphoneos*]" = "iPhone Developer";
				COPY_PHASE_STRIP = NO;
				DEBUG_INFORMATION_FORMAT = dwarf;
				ENABLE_STRICT_OBJC_MSGSEND = YES;
				ENABLE_TESTABILITY = YES;
				GCC_C_LANGUAGE_STANDARD = gnu99;
				GCC_DYNAMIC_NO_PIC = NO;
				GCC_NO_COMMON_BLOCKS = YES;
				GCC_OPTIMIZATION_LEVEL = 0;
				GCC_PREPROCESSOR_DEFINITIONS = (
					"DEBUG=1",
					"$(inherited)",
				);
				GCC_WARN_64_TO_32_BIT_CONVERSION = YES;
				GCC_WARN_ABOUT_RETURN_TYPE = YES_ERROR;
				GCC_WARN_UNDECLARED_SELECTOR = YES;
				GCC_WARN_UNINITIALIZED_AUTOS = YES_AGGRESSIVE;
				GCC_WARN_UNUSED_FUNCTION = YES;
				GCC_WARN_UNUSED_VARIABLE = YES;
				IPHONEOS_DEPLOYMENT_TARGET = 8.4;
				MTL_ENABLE_DEBUG_INFO = YES;
				ONLY_ACTIVE_ARCH = YES;
				SDKROOT = iphoneos;
				TARGETED_DEVICE_FAMILY = "1,2";
			};
			name = Debug;
		};
		D0EFAAB81C6B8D1E00AB4008 /* Release */ = {
			isa = XCBuildConfiguration;
			buildSettings = {
				ALWAYS_SEARCH_USER_PATHS = NO;
				CLANG_CXX_LANGUAGE_STANDARD = "gnu++0x";
				CLANG_CXX_LIBRARY = "libc++";
				CLANG_ENABLE_MODULES = YES;
				CLANG_ENABLE_OBJC_ARC = YES;
				CLANG_WARN_BOOL_CONVERSION = YES;
				CLANG_WARN_CONSTANT_CONVERSION = YES;
				CLANG_WARN_DIRECT_OBJC_ISA_USAGE = YES_ERROR;
				CLANG_WARN_EMPTY_BODY = YES;
				CLANG_WARN_ENUM_CONVERSION = YES;
				CLANG_WARN_INT_CONVERSION = YES;
				CLANG_WARN_OBJC_ROOT_CLASS = YES_ERROR;
				CLANG_WARN_UNREACHABLE_CODE = YES;
				CLANG_WARN__DUPLICATE_METHOD_MATCH = YES;
				"CODE_SIGN_IDENTITY[sdk=iphoneos*]" = "iPhone Developer";
				COPY_PHASE_STRIP = NO;
				DEBUG_INFORMATION_FORMAT = "dwarf-with-dsym";
				ENABLE_NS_ASSERTIONS = NO;
				ENABLE_STRICT_OBJC_MSGSEND = YES;
				GCC_C_LANGUAGE_STANDARD = gnu99;
				GCC_NO_COMMON_BLOCKS = YES;
				GCC_WARN_64_TO_32_BIT_CONVERSION = YES;
				GCC_WARN_ABOUT_RETURN_TYPE = YES_ERROR;
				GCC_WARN_UNDECLARED_SELECTOR = YES;
				GCC_WARN_UNINITIALIZED_AUTOS = YES_AGGRESSIVE;
				GCC_WARN_UNUSED_FUNCTION = YES;
				GCC_WARN_UNUSED_VARIABLE = YES;
				IPHONEOS_DEPLOYMENT_TARGET = 8.4;
				MTL_ENABLE_DEBUG_INFO = NO;
				SDKROOT = iphoneos;
				TARGETED_DEVICE_FAMILY = "1,2";
				VALIDATE_PRODUCT = YES;
			};
			name = Release;
		};
		D0EFAABA1C6B8D1E00AB4008 /* Debug */ = {
			isa = XCBuildConfiguration;
			buildSettings = {
				ASSETCATALOG_COMPILER_APPICON_NAME = AppIcon;
				INFOPLIST_FILE = FormKitDemo/Info.plist;
				LD_RUNPATH_SEARCH_PATHS = "$(inherited) @executable_path/Frameworks";
				PRODUCT_BUNDLE_IDENTIFIER = com.radianttap.FormKitDemo;
				PRODUCT_NAME = RTFormKit;
			};
			name = Debug;
		};
		D0EFAABB1C6B8D1E00AB4008 /* Release */ = {
			isa = XCBuildConfiguration;
			buildSettings = {
				ASSETCATALOG_COMPILER_APPICON_NAME = AppIcon;
				INFOPLIST_FILE = FormKitDemo/Info.plist;
				LD_RUNPATH_SEARCH_PATHS = "$(inherited) @executable_path/Frameworks";
				PRODUCT_BUNDLE_IDENTIFIER = com.radianttap.FormKitDemo;
				PRODUCT_NAME = RTFormKit;
			};
			name = Release;
		};
/* End XCBuildConfiguration section */

/* Begin XCConfigurationList section */
		D0EFAA9D1C6B8D1E00AB4008 /* Build configuration list for PBXProject "RTFormKit" */ = {
			isa = XCConfigurationList;
			buildConfigurations = (
				D0EFAAB71C6B8D1E00AB4008 /* Debug */,
				D0EFAAB81C6B8D1E00AB4008 /* Release */,
			);
			defaultConfigurationIsVisible = 0;
			defaultConfigurationName = Release;
		};
		D0EFAAB91C6B8D1E00AB4008 /* Build configuration list for PBXNativeTarget "RTFormKit" */ = {
			isa = XCConfigurationList;
			buildConfigurations = (
				D0EFAABA1C6B8D1E00AB4008 /* Debug */,
				D0EFAABB1C6B8D1E00AB4008 /* Release */,
			);
			defaultConfigurationIsVisible = 0;
			defaultConfigurationName = Release;
		};
/* End XCConfigurationList section */
	};
	rootObject = D0EFAA9A1C6B8D1E00AB4008 /* Project object */;
}
